
Microsoft Visual Studio Solution File, Format Version 12.00
# Visual Studio Version 17
VisualStudioVersion = 17.6.33712.159
MinimumVisualStudioVersion = 10.0.40219.1
Project("{2150E333-8FDC-42A3-9474-1A3956D46DE8}") = "Services", "Services", "{63E42505-8023-473A-A73E-8F3BE9F3272F}"
EndProject
Project("{2150E333-8FDC-42A3-9474-1A3956D46DE8}") = "Catalog", "Catalog", "{2D12E91E-FE80-497B-90E8-657DE9B2C2BD}"
EndProject
Project("{9A19103F-16F7-4668-BE54-9A1E7A4F7556}") = "Course.Services.Catalog", "Services\Catalog\Course.Services.Catalog\Course.Services.Catalog.csproj", "{1B65D286-62E8-4040-865A-E342330348A3}"
EndProject
Project("{2150E333-8FDC-42A3-9474-1A3956D46DE8}") = "Çözüm Öğeleri", "Çözüm Öğeleri", "{2D270278-70D6-44D3-99BE-E9975241A5E5}"
	ProjectSection(SolutionItems) = preProject
		Ports.txt = Ports.txt
	EndProjectSection
EndProject
Project("{2150E333-8FDC-42A3-9474-1A3956D46DE8}") = "IdentityServer", "IdentityServer", "{77E4E474-9F36-49A0-83BA-DE80F8409B44}"
EndProject
Project("{9A19103F-16F7-4668-BE54-9A1E7A4F7556}") = "Course.IdentityServer", "IdentityServer\Course.IdentityServer\Course.IdentityServer.csproj", "{036F0B07-2F93-4FF3-9486-38AD9BE2B765}"
EndProject
Project("{2150E333-8FDC-42A3-9474-1A3956D46DE8}") = "Shared", "Shared", "{472A2CDE-3B53-42B8-AE5F-4779FF59F013}"
EndProject
Project("{FAE04EC0-301F-11D3-BF4B-00C04F79EFBC}") = "Course.Shared", "Course.Shared\Course.Shared.csproj", "{8F80441B-4AAE-468B-AE9C-B47FFF3F7AAC}"
EndProject
Global
	GlobalSection(SolutionConfigurationPlatforms) = preSolution
		Debug|Any CPU = Debug|Any CPU
		Release|Any CPU = Release|Any CPU
	EndGlobalSection
	GlobalSection(ProjectConfigurationPlatforms) = postSolution
		{1B65D286-62E8-4040-865A-E342330348A3}.Debug|Any CPU.ActiveCfg = Debug|Any CPU
		{1B65D286-62E8-4040-865A-E342330348A3}.Debug|Any CPU.Build.0 = Debug|Any CPU
		{1B65D286-62E8-4040-865A-E342330348A3}.Release|Any CPU.ActiveCfg = Release|Any CPU
		{1B65D286-62E8-4040-865A-E342330348A3}.Release|Any CPU.Build.0 = Release|Any CPU
		{036F0B07-2F93-4FF3-9486-38AD9BE2B765}.Debug|Any CPU.ActiveCfg = Debug|Any CPU
		{036F0B07-2F93-4FF3-9486-38AD9BE2B765}.Debug|Any CPU.Build.0 = Debug|Any CPU
		{036F0B07-2F93-4FF3-9486-38AD9BE2B765}.Release|Any CPU.ActiveCfg = Release|Any CPU
		{036F0B07-2F93-4FF3-9486-38AD9BE2B765}.Release|Any CPU.Build.0 = Release|Any CPU
		{8F80441B-4AAE-468B-AE9C-B47FFF3F7AAC}.Debug|Any CPU.ActiveCfg = Debug|Any CPU
		{8F80441B-4AAE-468B-AE9C-B47FFF3F7AAC}.Debug|Any CPU.Build.0 = Debug|Any CPU
		{8F80441B-4AAE-468B-AE9C-B47FFF3F7AAC}.Release|Any CPU.ActiveCfg = Release|Any CPU
		{8F80441B-4AAE-468B-AE9C-B47FFF3F7AAC}.Release|Any CPU.Build.0 = Release|Any CPU
	EndGlobalSection
	GlobalSection(SolutionProperties) = preSolution
		HideSolutionNode = FALSE
	EndGlobalSection
	GlobalSection(NestedProjects) = preSolution
		{2D12E91E-FE80-497B-90E8-657DE9B2C2BD} = {63E42505-8023-473A-A73E-8F3BE9F3272F}
		{1B65D286-62E8-4040-865A-E342330348A3} = {2D12E91E-FE80-497B-90E8-657DE9B2C2BD}
		{036F0B07-2F93-4FF3-9486-38AD9BE2B765} = {77E4E474-9F36-49A0-83BA-DE80F8409B44}
		{8F80441B-4AAE-468B-AE9C-B47FFF3F7AAC} = {472A2CDE-3B53-42B8-AE5F-4779FF59F013}
	EndGlobalSection
	GlobalSection(ExtensibilityGlobals) = postSolution
		SolutionGuid = {72A72AC0-8B41-4D84-A86E-0E2B49C5B0AB}
	EndGlobalSection
EndGlobal
