
Microsoft Visual Studio Solution File, Format Version 12.00
# Visual Studio Version 17
VisualStudioVersion = 17.6.33712.159
MinimumVisualStudioVersion = 10.0.40219.1
Project("{2150E333-8FDC-42A3-9474-1A3956D46DE8}") = "Services", "Services", "{63E42505-8023-473A-A73E-8F3BE9F3272F}"
EndProject
Project("{2150E333-8FDC-42A3-9474-1A3956D46DE8}") = "Catalog", "Catalog", "{2D12E91E-FE80-497B-90E8-657DE9B2C2BD}"
EndProject
Project("{9A19103F-16F7-4668-BE54-9A1E7A4F7556}") = "Course.Services.Catalog", "Services\Catalog\Course.Services.Catalog\Course.Services.Catalog.csproj", "{1B65D286-62E8-4040-865A-E342330348A3}"
EndProject
Project("{2150E333-8FDC-42A3-9474-1A3956D46DE8}") = "Çözüm Öğeleri", "Çözüm Öğeleri", "{2D270278-70D6-44D3-99BE-E9975241A5E5}"
	ProjectSection(SolutionItems) = preProject
		Ports.txt = Ports.txt
	EndProjectSection
EndProject
Project("{2150E333-8FDC-42A3-9474-1A3956D46DE8}") = "IdentityServer", "IdentityServer", "{77E4E474-9F36-49A0-83BA-DE80F8409B44}"
EndProject
Project("{9A19103F-16F7-4668-BE54-9A1E7A4F7556}") = "Course.IdentityServer", "IdentityServer\Course.IdentityServer\Course.IdentityServer.csproj", "{036F0B07-2F93-4FF3-9486-38AD9BE2B765}"
EndProject
Project("{2150E333-8FDC-42A3-9474-1A3956D46DE8}") = "PhotoStock", "PhotoStock", "{0A7AC6C2-810C-4D17-AE50-B132C8FA3ADD}"
EndProject
Project("{2150E333-8FDC-42A3-9474-1A3956D46DE8}") = "Shared", "Shared", "{F82916B2-D89B-420F-9B63-649118CF7ABC}"
EndProject
Project("{2150E333-8FDC-42A3-9474-1A3956D46DE8}") = "Course.Shared", "Course.Shared", "{6BD94809-F003-4E50-9470-8D00E3DC81FC}"
EndProject
Project("{9A19103F-16F7-4668-BE54-9A1E7A4F7556}") = "Course.Shared", "Shared\Course.Shared\Course.Shared.csproj", "{3ACDC548-3569-40B6-8B56-5F2EEAE8265C}"
EndProject
Project("{9A19103F-16F7-4668-BE54-9A1E7A4F7556}") = "Course.Services.PhotoStock", "Services\PhotoStock\Course.Services.PhotoStock\Course.Services.PhotoStock.csproj", "{23BE180C-1244-4B24-BFF5-B0C93B2D147D}"
EndProject
Project("{2150E333-8FDC-42A3-9474-1A3956D46DE8}") = "Basket", "Basket", "{71BB172F-B6E3-4321-B0E2-439F8C355E03}"
EndProject
Project("{FAE04EC0-301F-11D3-BF4B-00C04F79EFBC}") = "Course.Services.Basket", "Services\Basket\Course.Services.Basket\Course.Services.Basket.csproj", "{882C2E99-A9DF-43D3-ADF5-5E97E0FF93DB}"
EndProject
Global
	GlobalSection(SolutionConfigurationPlatforms) = preSolution
		Debug|Any CPU = Debug|Any CPU
		Release|Any CPU = Release|Any CPU
	EndGlobalSection
	GlobalSection(ProjectConfigurationPlatforms) = postSolution
		{1B65D286-62E8-4040-865A-E342330348A3}.Debug|Any CPU.ActiveCfg = Debug|Any CPU
		{1B65D286-62E8-4040-865A-E342330348A3}.Debug|Any CPU.Build.0 = Debug|Any CPU
		{1B65D286-62E8-4040-865A-E342330348A3}.Release|Any CPU.ActiveCfg = Release|Any CPU
		{1B65D286-62E8-4040-865A-E342330348A3}.Release|Any CPU.Build.0 = Release|Any CPU
		{036F0B07-2F93-4FF3-9486-38AD9BE2B765}.Debug|Any CPU.ActiveCfg = Debug|Any CPU
		{036F0B07-2F93-4FF3-9486-38AD9BE2B765}.Debug|Any CPU.Build.0 = Debug|Any CPU
		{036F0B07-2F93-4FF3-9486-38AD9BE2B765}.Release|Any CPU.ActiveCfg = Release|Any CPU
		{036F0B07-2F93-4FF3-9486-38AD9BE2B765}.Release|Any CPU.Build.0 = Release|Any CPU
		{3ACDC548-3569-40B6-8B56-5F2EEAE8265C}.Debug|Any CPU.ActiveCfg = Debug|Any CPU
		{3ACDC548-3569-40B6-8B56-5F2EEAE8265C}.Debug|Any CPU.Build.0 = Debug|Any CPU
		{3ACDC548-3569-40B6-8B56-5F2EEAE8265C}.Release|Any CPU.ActiveCfg = Release|Any CPU
		{3ACDC548-3569-40B6-8B56-5F2EEAE8265C}.Release|Any CPU.Build.0 = Release|Any CPU
		{23BE180C-1244-4B24-BFF5-B0C93B2D147D}.Debug|Any CPU.ActiveCfg = Debug|Any CPU
		{23BE180C-1244-4B24-BFF5-B0C93B2D147D}.Debug|Any CPU.Build.0 = Debug|Any CPU
		{23BE180C-1244-4B24-BFF5-B0C93B2D147D}.Release|Any CPU.ActiveCfg = Release|Any CPU
		{23BE180C-1244-4B24-BFF5-B0C93B2D147D}.Release|Any CPU.Build.0 = Release|Any CPU
		{882C2E99-A9DF-43D3-ADF5-5E97E0FF93DB}.Debug|Any CPU.ActiveCfg = Debug|Any CPU
		{882C2E99-A9DF-43D3-ADF5-5E97E0FF93DB}.Debug|Any CPU.Build.0 = Debug|Any CPU
		{882C2E99-A9DF-43D3-ADF5-5E97E0FF93DB}.Release|Any CPU.ActiveCfg = Release|Any CPU
		{882C2E99-A9DF-43D3-ADF5-5E97E0FF93DB}.Release|Any CPU.Build.0 = Release|Any CPU
	EndGlobalSection
	GlobalSection(SolutionProperties) = preSolution
		HideSolutionNode = FALSE
	EndGlobalSection
	GlobalSection(NestedProjects) = preSolution
		{2D12E91E-FE80-497B-90E8-657DE9B2C2BD} = {63E42505-8023-473A-A73E-8F3BE9F3272F}
		{1B65D286-62E8-4040-865A-E342330348A3} = {2D12E91E-FE80-497B-90E8-657DE9B2C2BD}
		{036F0B07-2F93-4FF3-9486-38AD9BE2B765} = {77E4E474-9F36-49A0-83BA-DE80F8409B44}
		{0A7AC6C2-810C-4D17-AE50-B132C8FA3ADD} = {63E42505-8023-473A-A73E-8F3BE9F3272F}
		{6BD94809-F003-4E50-9470-8D00E3DC81FC} = {F82916B2-D89B-420F-9B63-649118CF7ABC}
		{3ACDC548-3569-40B6-8B56-5F2EEAE8265C} = {6BD94809-F003-4E50-9470-8D00E3DC81FC}
		{23BE180C-1244-4B24-BFF5-B0C93B2D147D} = {0A7AC6C2-810C-4D17-AE50-B132C8FA3ADD}
		{71BB172F-B6E3-4321-B0E2-439F8C355E03} = {63E42505-8023-473A-A73E-8F3BE9F3272F}
		{882C2E99-A9DF-43D3-ADF5-5E97E0FF93DB} = {71BB172F-B6E3-4321-B0E2-439F8C355E03}
	EndGlobalSection
	GlobalSection(ExtensibilityGlobals) = postSolution
		SolutionGuid = {72A72AC0-8B41-4D84-A86E-0E2B49C5B0AB}
	EndGlobalSection
EndGlobal
